// !$*UTF8*$!
{
	archiveVersion = 1;
	classes = {
	};
	objectVersion = 55;
	objects = {

/* Begin PBXBuildFile section */
		DBC1D27126D32C2A00B4359A /* DevelopApp.swift in Sources */ = {isa = PBXBuildFile; fileRef = DBC1D27026D32C2A00B4359A /* DevelopApp.swift */; };
		DBC1D27526D32C2B00B4359A /* Assets.xcassets in Resources */ = {isa = PBXBuildFile; fileRef = DBC1D27426D32C2B00B4359A /* Assets.xcassets */; };
		DBC1D27826D32C2B00B4359A /* Preview Assets.xcassets in Resources */ = {isa = PBXBuildFile; fileRef = DBC1D27726D32C2B00B4359A /* Preview Assets.xcassets */; };
		DBC1D28226D32C2C00B4359A /* DevelopTests.swift in Sources */ = {isa = PBXBuildFile; fileRef = DBC1D28126D32C2C00B4359A /* DevelopTests.swift */; };
		DBC1D28C26D32C2C00B4359A /* DevelopUITests.swift in Sources */ = {isa = PBXBuildFile; fileRef = DBC1D28B26D32C2C00B4359A /* DevelopUITests.swift */; };
		DBC1D28E26D32C2C00B4359A /* DevelopUITestsLaunchTests.swift in Sources */ = {isa = PBXBuildFile; fileRef = DBC1D28D26D32C2C00B4359A /* DevelopUITestsLaunchTests.swift */; };
		DBC1D29C26D32CEA00B4359A /* Body in Frameworks */ = {isa = PBXBuildFile; productRef = DBC1D29B26D32CEA00B4359A /* Body */; };
/* End PBXBuildFile section */

/* Begin PBXContainerItemProxy section */
		DBC1D27E26D32C2C00B4359A /* PBXContainerItemProxy */ = {
			isa = PBXContainerItemProxy;
			containerPortal = DBC1D26526D32C2A00B4359A /* Project object */;
			proxyType = 1;
			remoteGlobalIDString = DBC1D26C26D32C2A00B4359A;
			remoteInfo = Develop;
		};
		DBC1D28826D32C2C00B4359A /* PBXContainerItemProxy */ = {
			isa = PBXContainerItemProxy;
			containerPortal = DBC1D26526D32C2A00B4359A /* Project object */;
			proxyType = 1;
			remoteGlobalIDString = DBC1D26C26D32C2A00B4359A;
			remoteInfo = Develop;
		};
/* End PBXContainerItemProxy section */

/* Begin PBXFileReference section */
		DBC1D26D26D32C2A00B4359A /* Develop.app */ = {isa = PBXFileReference; explicitFileType = wrapper.application; includeInIndex = 0; path = Develop.app; sourceTree = BUILT_PRODUCTS_DIR; };
		DBC1D27026D32C2A00B4359A /* DevelopApp.swift */ = {isa = PBXFileReference; lastKnownFileType = sourcecode.swift; path = DevelopApp.swift; sourceTree = "<group>"; };
		DBC1D27426D32C2B00B4359A /* Assets.xcassets */ = {isa = PBXFileReference; lastKnownFileType = folder.assetcatalog; path = Assets.xcassets; sourceTree = "<group>"; };
		DBC1D27726D32C2B00B4359A /* Preview Assets.xcassets */ = {isa = PBXFileReference; lastKnownFileType = folder.assetcatalog; path = "Preview Assets.xcassets"; sourceTree = "<group>"; };
		DBC1D27D26D32C2C00B4359A /* DevelopTests.xctest */ = {isa = PBXFileReference; explicitFileType = wrapper.cfbundle; includeInIndex = 0; path = DevelopTests.xctest; sourceTree = BUILT_PRODUCTS_DIR; };
		DBC1D28126D32C2C00B4359A /* DevelopTests.swift */ = {isa = PBXFileReference; lastKnownFileType = sourcecode.swift; path = DevelopTests.swift; sourceTree = "<group>"; };
		DBC1D28726D32C2C00B4359A /* DevelopUITests.xctest */ = {isa = PBXFileReference; explicitFileType = wrapper.cfbundle; includeInIndex = 0; path = DevelopUITests.xctest; sourceTree = BUILT_PRODUCTS_DIR; };
		DBC1D28B26D32C2C00B4359A /* DevelopUITests.swift */ = {isa = PBXFileReference; lastKnownFileType = sourcecode.swift; path = DevelopUITests.swift; sourceTree = "<group>"; };
		DBC1D28D26D32C2C00B4359A /* DevelopUITestsLaunchTests.swift */ = {isa = PBXFileReference; lastKnownFileType = sourcecode.swift; path = DevelopUITestsLaunchTests.swift; sourceTree = "<group>"; };
/* End PBXFileReference section */

/* Begin PBXFrameworksBuildPhase section */
		DBC1D26A26D32C2A00B4359A /* Frameworks */ = {
			isa = PBXFrameworksBuildPhase;
			buildActionMask = 2147483647;
			files = (
				DBC1D29C26D32CEA00B4359A /* Body in Frameworks */,
			);
			runOnlyForDeploymentPostprocessing = 0;
		};
		DBC1D27A26D32C2C00B4359A /* Frameworks */ = {
			isa = PBXFrameworksBuildPhase;
			buildActionMask = 2147483647;
			files = (
			);
			runOnlyForDeploymentPostprocessing = 0;
		};
		DBC1D28426D32C2C00B4359A /* Frameworks */ = {
			isa = PBXFrameworksBuildPhase;
			buildActionMask = 2147483647;
			files = (
			);
			runOnlyForDeploymentPostprocessing = 0;
		};
/* End PBXFrameworksBuildPhase section */

/* Begin PBXGroup section */
		DBC1D26426D32C2A00B4359A = {
			isa = PBXGroup;
			children = (
				DBC1D26F26D32C2A00B4359A /* Develop */,
				DBC1D28026D32C2C00B4359A /* DevelopTests */,
				DBC1D28A26D32C2C00B4359A /* DevelopUITests */,
				DBC1D26E26D32C2A00B4359A /* Products */,
				DBC1D29A26D32CEA00B4359A /* Frameworks */,
			);
			sourceTree = "<group>";
		};
		DBC1D26E26D32C2A00B4359A /* Products */ = {
			isa = PBXGroup;
			children = (
				DBC1D26D26D32C2A00B4359A /* Develop.app */,
				DBC1D27D26D32C2C00B4359A /* DevelopTests.xctest */,
				DBC1D28726D32C2C00B4359A /* DevelopUITests.xctest */,
			);
			name = Products;
			sourceTree = "<group>";
		};
		DBC1D26F26D32C2A00B4359A /* Develop */ = {
			isa = PBXGroup;
			children = (
				DBC1D27026D32C2A00B4359A /* DevelopApp.swift */,
				DBC1D27426D32C2B00B4359A /* Assets.xcassets */,
				DBC1D27626D32C2B00B4359A /* Preview Content */,
			);
			path = Develop;
			sourceTree = "<group>";
		};
		DBC1D27626D32C2B00B4359A /* Preview Content */ = {
			isa = PBXGroup;
			children = (
				DBC1D27726D32C2B00B4359A /* Preview Assets.xcassets */,
			);
			path = "Preview Content";
			sourceTree = "<group>";
		};
		DBC1D28026D32C2C00B4359A /* DevelopTests */ = {
			isa = PBXGroup;
			children = (
				DBC1D28126D32C2C00B4359A /* DevelopTests.swift */,
			);
			path = DevelopTests;
			sourceTree = "<group>";
		};
		DBC1D28A26D32C2C00B4359A /* DevelopUITests */ = {
			isa = PBXGroup;
			children = (
				DBC1D28B26D32C2C00B4359A /* DevelopUITests.swift */,
				DBC1D28D26D32C2C00B4359A /* DevelopUITestsLaunchTests.swift */,
			);
			path = DevelopUITests;
			sourceTree = "<group>";
		};
		DBC1D29A26D32CEA00B4359A /* Frameworks */ = {
			isa = PBXGroup;
			children = (
			);
			name = Frameworks;
			sourceTree = "<group>";
		};
/* End PBXGroup section */

/* Begin PBXNativeTarget section */
		DBC1D26C26D32C2A00B4359A /* Develop */ = {
			isa = PBXNativeTarget;
			buildConfigurationList = DBC1D29126D32C2C00B4359A /* Build configuration list for PBXNativeTarget "Develop" */;
			buildPhases = (
				DBC1D26926D32C2A00B4359A /* Sources */,
				DBC1D26A26D32C2A00B4359A /* Frameworks */,
				DBC1D26B26D32C2A00B4359A /* Resources */,
			);
			buildRules = (
			);
			dependencies = (
			);
			name = Develop;
			packageProductDependencies = (
				DBC1D29B26D32CEA00B4359A /* Body */,
			);
			productName = Develop;
			productReference = DBC1D26D26D32C2A00B4359A /* Develop.app */;
			productType = "com.apple.product-type.application";
		};
		DBC1D27C26D32C2C00B4359A /* DevelopTests */ = {
			isa = PBXNativeTarget;
			buildConfigurationList = DBC1D29426D32C2C00B4359A /* Build configuration list for PBXNativeTarget "DevelopTests" */;
			buildPhases = (
				DBC1D27926D32C2C00B4359A /* Sources */,
				DBC1D27A26D32C2C00B4359A /* Frameworks */,
				DBC1D27B26D32C2C00B4359A /* Resources */,
			);
			buildRules = (
			);
			dependencies = (
				DBC1D27F26D32C2C00B4359A /* PBXTargetDependency */,
			);
			name = DevelopTests;
			productName = DevelopTests;
			productReference = DBC1D27D26D32C2C00B4359A /* DevelopTests.xctest */;
			productType = "com.apple.product-type.bundle.unit-test";
		};
		DBC1D28626D32C2C00B4359A /* DevelopUITests */ = {
			isa = PBXNativeTarget;
			buildConfigurationList = DBC1D29726D32C2C00B4359A /* Build configuration list for PBXNativeTarget "DevelopUITests" */;
			buildPhases = (
				DBC1D28326D32C2C00B4359A /* Sources */,
				DBC1D28426D32C2C00B4359A /* Frameworks */,
				DBC1D28526D32C2C00B4359A /* Resources */,
			);
			buildRules = (
			);
			dependencies = (
				DBC1D28926D32C2C00B4359A /* PBXTargetDependency */,
			);
			name = DevelopUITests;
			productName = DevelopUITests;
			productReference = DBC1D28726D32C2C00B4359A /* DevelopUITests.xctest */;
			productType = "com.apple.product-type.bundle.ui-testing";
		};
/* End PBXNativeTarget section */

/* Begin PBXProject section */
		DBC1D26526D32C2A00B4359A /* Project object */ = {
			isa = PBXProject;
			attributes = {
				BuildIndependentTargetsInParallel = 1;
				LastSwiftUpdateCheck = 1300;
				LastUpgradeCheck = 1300;
				TargetAttributes = {
					DBC1D26C26D32C2A00B4359A = {
						CreatedOnToolsVersion = 13.0;
					};
					DBC1D27C26D32C2C00B4359A = {
						CreatedOnToolsVersion = 13.0;
						TestTargetID = DBC1D26C26D32C2A00B4359A;
					};
					DBC1D28626D32C2C00B4359A = {
						CreatedOnToolsVersion = 13.0;
						TestTargetID = DBC1D26C26D32C2A00B4359A;
					};
				};
			};
			buildConfigurationList = DBC1D26826D32C2A00B4359A /* Build configuration list for PBXProject "Develop" */;
			compatibilityVersion = "Xcode 13.0";
			developmentRegion = en;
			hasScannedForEncodings = 0;
			knownRegions = (
				en,
				Base,
			);
			mainGroup = DBC1D26426D32C2A00B4359A;
			productRefGroup = DBC1D26E26D32C2A00B4359A /* Products */;
			projectDirPath = "";
			projectRoot = "";
			targets = (
				DBC1D26C26D32C2A00B4359A /* Develop */,
				DBC1D27C26D32C2C00B4359A /* DevelopTests */,
				DBC1D28626D32C2C00B4359A /* DevelopUITests */,
			);
		};
/* End PBXProject section */

/* Begin PBXResourcesBuildPhase section */
		DBC1D26B26D32C2A00B4359A /* Resources */ = {
			isa = PBXResourcesBuildPhase;
			buildActionMask = 2147483647;
			files = (
				DBC1D27826D32C2B00B4359A /* Preview Assets.xcassets in Resources */,
				DBC1D27526D32C2B00B4359A /* Assets.xcassets in Resources */,
			);
			runOnlyForDeploymentPostprocessing = 0;
		};
		DBC1D27B26D32C2C00B4359A /* Resources */ = {
			isa = PBXResourcesBuildPhase;
			buildActionMask = 2147483647;
			files = (
			);
			runOnlyForDeploymentPostprocessing = 0;
		};
		DBC1D28526D32C2C00B4359A /* Resources */ = {
			isa = PBXResourcesBuildPhase;
			buildActionMask = 2147483647;
			files = (
			);
			runOnlyForDeploymentPostprocessing = 0;
		};
/* End PBXResourcesBuildPhase section */

/* Begin PBXSourcesBuildPhase section */
		DBC1D26926D32C2A00B4359A /* Sources */ = {
			isa = PBXSourcesBuildPhase;
			buildActionMask = 2147483647;
			files = (
				DBC1D27126D32C2A00B4359A /* DevelopApp.swift in Sources */,
			);
			runOnlyForDeploymentPostprocessing = 0;
		};
		DBC1D27926D32C2C00B4359A /* Sources */ = {
			isa = PBXSourcesBuildPhase;
			buildActionMask = 2147483647;
			files = (
				DBC1D28226D32C2C00B4359A /* DevelopTests.swift in Sources */,
			);
			runOnlyForDeploymentPostprocessing = 0;
		};
		DBC1D28326D32C2C00B4359A /* Sources */ = {
			isa = PBXSourcesBuildPhase;
			buildActionMask = 2147483647;
			files = (
				DBC1D28E26D32C2C00B4359A /* DevelopUITestsLaunchTests.swift in Sources */,
				DBC1D28C26D32C2C00B4359A /* DevelopUITests.swift in Sources */,
			);
			runOnlyForDeploymentPostprocessing = 0;
		};
/* End PBXSourcesBuildPhase section */

/* Begin PBXTargetDependency section */
		DBC1D27F26D32C2C00B4359A /* PBXTargetDependency */ = {
			isa = PBXTargetDependency;
			target = DBC1D26C26D32C2A00B4359A /* Develop */;
			targetProxy = DBC1D27E26D32C2C00B4359A /* PBXContainerItemProxy */;
		};
		DBC1D28926D32C2C00B4359A /* PBXTargetDependency */ = {
			isa = PBXTargetDependency;
			target = DBC1D26C26D32C2A00B4359A /* Develop */;
			targetProxy = DBC1D28826D32C2C00B4359A /* PBXContainerItemProxy */;
		};
/* End PBXTargetDependency section */

/* Begin XCBuildConfiguration section */
		DBC1D28F26D32C2C00B4359A /* Debug */ = {
			isa = XCBuildConfiguration;
			buildSettings = {
				ALWAYS_SEARCH_USER_PATHS = NO;
				CLANG_ANALYZER_NONNULL = YES;
				CLANG_ANALYZER_NUMBER_OBJECT_CONVERSION = YES_AGGRESSIVE;
				CLANG_CXX_LANGUAGE_STANDARD = "gnu++17";
				CLANG_CXX_LIBRARY = "libc++";
				CLANG_ENABLE_MODULES = YES;
				CLANG_ENABLE_OBJC_ARC = YES;
				CLANG_ENABLE_OBJC_WEAK = YES;
				CLANG_WARN_BLOCK_CAPTURE_AUTORELEASING = YES;
				CLANG_WARN_BOOL_CONVERSION = YES;
				CLANG_WARN_COMMA = YES;
				CLANG_WARN_CONSTANT_CONVERSION = YES;
				CLANG_WARN_DEPRECATED_OBJC_IMPLEMENTATIONS = YES;
				CLANG_WARN_DIRECT_OBJC_ISA_USAGE = YES_ERROR;
				CLANG_WARN_DOCUMENTATION_COMMENTS = YES;
				CLANG_WARN_EMPTY_BODY = YES;
				CLANG_WARN_ENUM_CONVERSION = YES;
				CLANG_WARN_INFINITE_RECURSION = YES;
				CLANG_WARN_INT_CONVERSION = YES;
				CLANG_WARN_NON_LITERAL_NULL_CONVERSION = YES;
				CLANG_WARN_OBJC_IMPLICIT_RETAIN_SELF = YES;
				CLANG_WARN_OBJC_LITERAL_CONVERSION = YES;
				CLANG_WARN_OBJC_ROOT_CLASS = YES_ERROR;
				CLANG_WARN_QUOTED_INCLUDE_IN_FRAMEWORK_HEADER = YES;
				CLANG_WARN_RANGE_LOOP_ANALYSIS = YES;
				CLANG_WARN_STRICT_PROTOTYPES = YES;
				CLANG_WARN_SUSPICIOUS_MOVE = YES;
				CLANG_WARN_UNGUARDED_AVAILABILITY = YES_AGGRESSIVE;
				CLANG_WARN_UNREACHABLE_CODE = YES;
				CLANG_WARN__DUPLICATE_METHOD_MATCH = YES;
				COPY_PHASE_STRIP = NO;
				DEBUG_INFORMATION_FORMAT = dwarf;
				ENABLE_STRICT_OBJC_MSGSEND = YES;
				ENABLE_TESTABILITY = YES;
				GCC_C_LANGUAGE_STANDARD = gnu11;
				GCC_DYNAMIC_NO_PIC = NO;
				GCC_NO_COMMON_BLOCKS = YES;
				GCC_OPTIMIZATION_LEVEL = 0;
				GCC_PREPROCESSOR_DEFINITIONS = (
					"DEBUG=1",
					"$(inherited)",
				);
				GCC_WARN_64_TO_32_BIT_CONVERSION = YES;
				GCC_WARN_ABOUT_RETURN_TYPE = YES_ERROR;
				GCC_WARN_UNDECLARED_SELECTOR = YES;
				GCC_WARN_UNINITIALIZED_AUTOS = YES_AGGRESSIVE;
				GCC_WARN_UNUSED_FUNCTION = YES;
				GCC_WARN_UNUSED_VARIABLE = YES;
				IPHONEOS_DEPLOYMENT_TARGET = 15.0;
				MTL_ENABLE_DEBUG_INFO = INCLUDE_SOURCE;
				MTL_FAST_MATH = YES;
				ONLY_ACTIVE_ARCH = YES;
				SDKROOT = iphoneos;
				SWIFT_ACTIVE_COMPILATION_CONDITIONS = DEBUG;
				SWIFT_OPTIMIZATION_LEVEL = "-Onone";
			};
			name = Debug;
		};
		DBC1D29026D32C2C00B4359A /* Release */ = {
			isa = XCBuildConfiguration;
			buildSettings = {
				ALWAYS_SEARCH_USER_PATHS = NO;
				CLANG_ANALYZER_NONNULL = YES;
				CLANG_ANALYZER_NUMBER_OBJECT_CONVERSION = YES_AGGRESSIVE;
				CLANG_CXX_LANGUAGE_STANDARD = "gnu++17";
				CLANG_CXX_LIBRARY = "libc++";
				CLANG_ENABLE_MODULES = YES;
				CLANG_ENABLE_OBJC_ARC = YES;
				CLANG_ENABLE_OBJC_WEAK = YES;
				CLANG_WARN_BLOCK_CAPTURE_AUTORELEASING = YES;
				CLANG_WARN_BOOL_CONVERSION = YES;
				CLANG_WARN_COMMA = YES;
				CLANG_WARN_CONSTANT_CONVERSION = YES;
				CLANG_WARN_DEPRECATED_OBJC_IMPLEMENTATIONS = YES;
				CLANG_WARN_DIRECT_OBJC_ISA_USAGE = YES_ERROR;
				CLANG_WARN_DOCUMENTATION_COMMENTS = YES;
				CLANG_WARN_EMPTY_BODY = YES;
				CLANG_WARN_ENUM_CONVERSION = YES;
				CLANG_WARN_INFINITE_RECURSION = YES;
				CLANG_WARN_INT_CONVERSION = YES;
				CLANG_WARN_NON_LITERAL_NULL_CONVERSION = YES;
				CLANG_WARN_OBJC_IMPLICIT_RETAIN_SELF = YES;
				CLANG_WARN_OBJC_LITERAL_CONVERSION = YES;
				CLANG_WARN_OBJC_ROOT_CLASS = YES_ERROR;
				CLANG_WARN_QUOTED_INCLUDE_IN_FRAMEWORK_HEADER = YES;
				CLANG_WARN_RANGE_LOOP_ANALYSIS = YES;
				CLANG_WARN_STRICT_PROTOTYPES = YES;
				CLANG_WARN_SUSPICIOUS_MOVE = YES;
				CLANG_WARN_UNGUARDED_AVAILABILITY = YES_AGGRESSIVE;
				CLANG_WARN_UNREACHABLE_CODE = YES;
				CLANG_WARN__DUPLICATE_METHOD_MATCH = YES;
				COPY_PHASE_STRIP = NO;
				DEBUG_INFORMATION_FORMAT = "dwarf-with-dsym";
				ENABLE_NS_ASSERTIONS = NO;
				ENABLE_STRICT_OBJC_MSGSEND = YES;
				GCC_C_LANGUAGE_STANDARD = gnu11;
				GCC_NO_COMMON_BLOCKS = YES;
				GCC_WARN_64_TO_32_BIT_CONVERSION = YES;
				GCC_WARN_ABOUT_RETURN_TYPE = YES_ERROR;
				GCC_WARN_UNDECLARED_SELECTOR = YES;
				GCC_WARN_UNINITIALIZED_AUTOS = YES_AGGRESSIVE;
				GCC_WARN_UNUSED_FUNCTION = YES;
				GCC_WARN_UNUSED_VARIABLE = YES;
				IPHONEOS_DEPLOYMENT_TARGET = 15.0;
				MTL_ENABLE_DEBUG_INFO = NO;
				MTL_FAST_MATH = YES;
				SDKROOT = iphoneos;
				SWIFT_COMPILATION_MODE = wholemodule;
				SWIFT_OPTIMIZATION_LEVEL = "-O";
				VALIDATE_PRODUCT = YES;
			};
			name = Release;
		};
		DBC1D29226D32C2C00B4359A /* Debug */ = {
			isa = XCBuildConfiguration;
			buildSettings = {
				ASSETCATALOG_COMPILER_APPICON_NAME = AppIcon;
				ASSETCATALOG_COMPILER_GLOBAL_ACCENT_COLOR_NAME = AccentColor;
				CODE_SIGN_STYLE = Automatic;
				CURRENT_PROJECT_VERSION = 1;
				DEVELOPMENT_ASSET_PATHS = "\"Develop/Preview Content\"";
				DEVELOPMENT_TEAM = 84557KRKBS;
				ENABLE_PREVIEWS = YES;
				GENERATE_INFOPLIST_FILE = YES;
				INFOPLIST_KEY_UIApplicationSceneManifest_Generation = YES;
				INFOPLIST_KEY_UIApplicationSupportsIndirectInputEvents = YES;
				INFOPLIST_KEY_UILaunchScreen_Generation = YES;
				INFOPLIST_KEY_UISupportedInterfaceOrientations_iPad = "UIInterfaceOrientationPortrait UIInterfaceOrientationPortraitUpsideDown UIInterfaceOrientationLandscapeLeft UIInterfaceOrientationLandscapeRight";
				INFOPLIST_KEY_UISupportedInterfaceOrientations_iPhone = "UIInterfaceOrientationPortrait UIInterfaceOrientationLandscapeLeft UIInterfaceOrientationLandscapeRight";
				IPHONEOS_DEPLOYMENT_TARGET = 15.0;
				LD_RUNPATH_SEARCH_PATHS = (
					"$(inherited)",
					"@executable_path/Frameworks",
				);
				MARKETING_VERSION = 1.0;
				PRODUCT_BUNDLE_IDENTIFIER = com.kotarofukuo.Develop;
				PRODUCT_NAME = "$(TARGET_NAME)";
				SWIFT_EMIT_LOC_STRINGS = YES;
				SWIFT_VERSION = 5.0;
				TARGETED_DEVICE_FAMILY = "1,2";
			};
			name = Debug;
		};
		DBC1D29326D32C2C00B4359A /* Release */ = {
			isa = XCBuildConfiguration;
			buildSettings = {
				ASSETCATALOG_COMPILER_APPICON_NAME = AppIcon;
				ASSETCATALOG_COMPILER_GLOBAL_ACCENT_COLOR_NAME = AccentColor;
				CODE_SIGN_STYLE = Automatic;
				CURRENT_PROJECT_VERSION = 1;
				DEVELOPMENT_ASSET_PATHS = "\"Develop/Preview Content\"";
				DEVELOPMENT_TEAM = 84557KRKBS;
				ENABLE_PREVIEWS = YES;
				GENERATE_INFOPLIST_FILE = YES;
				INFOPLIST_KEY_UIApplicationSceneManifest_Generation = YES;
				INFOPLIST_KEY_UIApplicationSupportsIndirectInputEvents = YES;
				INFOPLIST_KEY_UILaunchScreen_Generation = YES;
				INFOPLIST_KEY_UISupportedInterfaceOrientations_iPad = "UIInterfaceOrientationPortrait UIInterfaceOrientationPortraitUpsideDown UIInterfaceOrientationLandscapeLeft UIInterfaceOrientationLandscapeRight";
				INFOPLIST_KEY_UISupportedInterfaceOrientations_iPhone = "UIInterfaceOrientationPortrait UIInterfaceOrientationLandscapeLeft UIInterfaceOrientationLandscapeRight";
				IPHONEOS_DEPLOYMENT_TARGET = 15.0;
				LD_RUNPATH_SEARCH_PATHS = (
					"$(inherited)",
					"@executable_path/Frameworks",
				);
				MARKETING_VERSION = 1.0;
				PRODUCT_BUNDLE_IDENTIFIER = com.kotarofukuo.Develop;
				PRODUCT_NAME = "$(TARGET_NAME)";
				SWIFT_EMIT_LOC_STRINGS = YES;
				SWIFT_VERSION = 5.0;
				TARGETED_DEVICE_FAMILY = "1,2";
			};
			name = Release;
		};
		DBC1D29526D32C2C00B4359A /* Debug */ = {
			isa = XCBuildConfiguration;
			buildSettings = {
				ALWAYS_EMBED_SWIFT_STANDARD_LIBRARIES = YES;
				BUNDLE_LOADER = "$(TEST_HOST)";
				CODE_SIGN_STYLE = Automatic;
				CURRENT_PROJECT_VERSION = 1;
				DEVELOPMENT_TEAM = 84557KRKBS;
				GENERATE_INFOPLIST_FILE = YES;
				IPHONEOS_DEPLOYMENT_TARGET = 15.0;
				LD_RUNPATH_SEARCH_PATHS = (
					"$(inherited)",
					"@executable_path/Frameworks",
					"@loader_path/Frameworks",
				);
				MARKETING_VERSION = 1.0;
				PRODUCT_BUNDLE_IDENTIFIER = com.kotarofukuo.DevelopTests;
				PRODUCT_NAME = "$(TARGET_NAME)";
				SWIFT_EMIT_LOC_STRINGS = NO;
				SWIFT_VERSION = 5.0;
				TARGETED_DEVICE_FAMILY = "1,2";
				TEST_HOST = "$(BUILT_PRODUCTS_DIR)/Develop.app/Develop";
			};
			name = Debug;
		};
		DBC1D29626D32C2C00B4359A /* Release */ = {
			isa = XCBuildConfiguration;
			buildSettings = {
				ALWAYS_EMBED_SWIFT_STANDARD_LIBRARIES = YES;
				BUNDLE_LOADER = "$(TEST_HOST)";
				CODE_SIGN_STYLE = Automatic;
				CURRENT_PROJECT_VERSION = 1;
				DEVELOPMENT_TEAM = 84557KRKBS;
				GENERATE_INFOPLIST_FILE = YES;
				IPHONEOS_DEPLOYMENT_TARGET = 15.0;
				LD_RUNPATH_SEARCH_PATHS = (
					"$(inherited)",
					"@executable_path/Frameworks",
					"@loader_path/Frameworks",
				);
				MARKETING_VERSION = 1.0;
				PRODUCT_BUNDLE_IDENTIFIER = com.kotarofukuo.DevelopTests;
				PRODUCT_NAME = "$(TARGET_NAME)";
				SWIFT_EMIT_LOC_STRINGS = NO;
				SWIFT_VERSION = 5.0;
				TARGETED_DEVICE_FAMILY = "1,2";
				TEST_HOST = "$(BUILT_PRODUCTS_DIR)/Develop.app/Develop";
			};
			name = Release;
		};
		DBC1D29826D32C2C00B4359A /* Debug */ = {
			isa = XCBuildConfiguration;
			buildSettings = {
				ALWAYS_EMBED_SWIFT_STANDARD_LIBRARIES = YES;
				CODE_SIGN_STYLE = Automatic;
				CURRENT_PROJECT_VERSION = 1;
				DEVELOPMENT_TEAM = 84557KRKBS;
				GENERATE_INFOPLIST_FILE = YES;
				LD_RUNPATH_SEARCH_PATHS = (
					"$(inherited)",
					"@executable_path/Frameworks",
					"@loader_path/Frameworks",
				);
				MARKETING_VERSION = 1.0;
				PRODUCT_BUNDLE_IDENTIFIER = com.kotarofukuo.DevelopUITests;
				PRODUCT_NAME = "$(TARGET_NAME)";
				SWIFT_EMIT_LOC_STRINGS = NO;
				SWIFT_VERSION = 5.0;
				TARGETED_DEVICE_FAMILY = "1,2";
				TEST_TARGET_NAME = Develop;
			};
			name = Debug;
		};
		DBC1D29926D32C2C00B4359A /* Release */ = {
			isa = XCBuildConfiguration;
			buildSettings = {
				ALWAYS_EMBED_SWIFT_STANDARD_LIBRARIES = YES;
				CODE_SIGN_STYLE = Automatic;
				CURRENT_PROJECT_VERSION = 1;
				DEVELOPMENT_TEAM = 84557KRKBS;
				GENERATE_INFOPLIST_FILE = YES;
				LD_RUNPATH_SEARCH_PATHS = (
					"$(inherited)",
					"@executable_path/Frameworks",
					"@loader_path/Frameworks",
				);
				MARKETING_VERSION = 1.0;
				PRODUCT_BUNDLE_IDENTIFIER = com.kotarofukuo.DevelopUITests;
				PRODUCT_NAME = "$(TARGET_NAME)";
				SWIFT_EMIT_LOC_STRINGS = NO;
				SWIFT_VERSION = 5.0;
				TARGETED_DEVICE_FAMILY = "1,2";
				TEST_TARGET_NAME = Develop;
			};
			name = Release;
		};
/* End XCBuildConfiguration section */

/* Begin XCConfigurationList section */
		DBC1D26826D32C2A00B4359A /* Build configuration list for PBXProject "Develop" */ = {
			isa = XCConfigurationList;
			buildConfigurations = (
				DBC1D28F26D32C2C00B4359A /* Debug */,
				DBC1D29026D32C2C00B4359A /* Release */,
			);
			defaultConfigurationIsVisible = 0;
			defaultConfigurationName = Release;
		};
		DBC1D29126D32C2C00B4359A /* Build configuration list for PBXNativeTarget "Develop" */ = {
			isa = XCConfigurationList;
			buildConfigurations = (
				DBC1D29226D32C2C00B4359A /* Debug */,
				DBC1D29326D32C2C00B4359A /* Release */,
			);
			defaultConfigurationIsVisible = 0;
			defaultConfigurationName = Release;
		};
		DBC1D29426D32C2C00B4359A /* Build configuration list for PBXNativeTarget "DevelopTests" */ = {
			isa = XCConfigurationList;
			buildConfigurations = (
				DBC1D29526D32C2C00B4359A /* Debug */,
				DBC1D29626D32C2C00B4359A /* Release */,
			);
			defaultConfigurationIsVisible = 0;
			defaultConfigurationName = Release;
		};
		DBC1D29726D32C2C00B4359A /* Build configuration list for PBXNativeTarget "DevelopUITests" */ = {
			isa = XCConfigurationList;
			buildConfigurations = (
				DBC1D29826D32C2C00B4359A /* Debug */,
				DBC1D29926D32C2C00B4359A /* Release */,
			);
			defaultConfigurationIsVisible = 0;
			defaultConfigurationName = Release;
		};
/* End XCConfigurationList section */

/* Begin XCSwiftPackageProductDependency section */
		DBC1D29B26D32CEA00B4359A /* Body */ = {
			isa = XCSwiftPackageProductDependency;
			productName = Body;
		};
/* End XCSwiftPackageProductDependency section */
	};
	rootObject = DBC1D26526D32C2A00B4359A /* Project object */;
}
